<?xml version="1.0" encoding="utf-8"?>
<Project ToolsVersion="4.0" xmlns="http://schemas.microsoft.com/developer/msbuild/2003">
  <ItemGroup>
    <Filter Include="Source Files">
      <UniqueIdentifier>{a4b4b0f8-6099-4e87-910d-1dd914c0ff22}</UniqueIdentifier>
      <Extensions>cpp;c;cxx;rc;def;r;odl;idl;hpj;bat</Extensions>
    </Filter>
    <Filter Include="Header Files">
      <UniqueIdentifier>{5da0ef2a-defe-4e82-9afe-d8a1d6c55cc3}</UniqueIdentifier>
      <Extensions>h;hpp;hxx;hm;inl</Extensions>
    </Filter>
    <Filter Include="Resource Files">
      <UniqueIdentifier>{5a20852e-1616-4024-bd71-ce262825ff45}</UniqueIdentifier>
      <Extensions>ico;cur;bmp;dlg;rc2;rct;bin;rgs;gif;jpg;jpeg;jpe</Extensions>
    </Filter>
    <Filter Include="Huffman">
      <UniqueIdentifier>{78d47164-6ff1-41c1-9161-667788c24636}</UniqueIdentifier>
    </Filter>
  </ItemGroup>
  <ItemGroup>
    <ClCompile Include="collector.cpp">
      <Filter>Source Files</Filter>
    </ClCompile>
    <ClCompile Include="gui.cpp">
      <Filter>Source Files</Filter>
    </ClCompile>
    <ClCompile Include="main.cpp">
      <Filter>Source Files</Filter>
    </ClCompile>
    <ClCompile Include="network.cpp">
      <Filter>Source Files</Filter>
    </ClCompile>
    <ClCompile Include="..\src\networkshared.cpp">
      <Filter>Source Files</Filter>
    </ClCompile>
    <ClCompile Include="protocol_zandronum.cpp">
      <Filter>Source Files</Filter>
    </ClCompile>
    <ClCompile Include="protocol_zdaemon.cpp">
      <Filter>Source Files</Filter>
    </ClCompile>
    <ClCompile Include="..\src\huffman\bitreader.cpp">
      <Filter>Huffman</Filter>
    </ClCompile>
    <ClCompile Include="..\src\huffman\bitwriter.cpp">
      <Filter>Huffman</Filter>
    </ClCompile>
    <ClCompile Include="..\src\huffman\huffcodec.cpp">
      <Filter>Huffman</Filter>
    </ClCompile>
    <ClCompile Include="..\src\huffman\huffman.cpp">
      <Filter>Huffman</Filter>
    </ClCompile>
  </ItemGroup>
  <ItemGroup>
    <ClInclude Include="collector.h">
      <Filter>Header Files</Filter>
    </ClInclude>
    <ClInclude Include="gui.h">
      <Filter>Header Files</Filter>
    </ClInclude>
    <ClInclude Include="i_system.h">
      <Filter>Header Files</Filter>
    </ClInclude>
    <ClInclude Include="main.h">
      <Filter>Header Files</Filter>
    </ClInclude>
    <ClInclude Include="network.h">
      <Filter>Header Files</Filter>
    </ClInclude>
    <ClInclude Include="..\src\networkheaders.h">
      <Filter>Header Files</Filter>
    </ClInclude>
    <ClInclude Include="..\src\networkshared.h">
      <Filter>Header Files</Filter>
    </ClInclude>
    <ClInclude Include="protocol_zandronum.h">
      <Filter>Header Files</Filter>
    </ClInclude>
    <ClInclude Include="protocol_zdaemon.h">
      <Filter>Header Files</Filter>
    </ClInclude>
    <ClInclude Include="resource.h">
      <Filter>Resource Files</Filter>
    </ClInclude>
    <ClInclude Include="..\src\huffman\bitreader.h">
      <Filter>Huffman</Filter>
    </ClInclude>
    <ClInclude Include="..\src\huffman\bitwriter.h">
      <Filter>Huffman</Filter>
    </ClInclude>
    <ClInclude Include="..\src\huffman\codec.h">
      <Filter>Huffman</Filter>
    </ClInclude>
    <ClInclude Include="..\src\huffman\huffcodec.h">
      <Filter>Huffman</Filter>
    </ClInclude>
    <ClInclude Include="..\src\huffman\huffman.h">
      <Filter>Huffman</Filter>
    </ClInclude>
  </ItemGroup>
  <ItemGroup>
    <ResourceCompile Include="Script1.rc">
      <Filter>Resource Files</Filter>
    </ResourceCompile>
  </ItemGroup>
  <ItemGroup>
    <Image Include="tray_icon.ico">
      <Filter>Resource Files</Filter>
    </Image>
  </ItemGroup>
  <ItemGroup>
    <Text Include="Statsmaker To-Do List.txt" />
    <Text Include="Statsmaker Version History.txt" />
  </ItemGroup>
</Project>